
Microsoft Visual Studio Solution File, Format Version 12.00
# Visual Studio 15
VisualStudioVersion = 15.0.28307.572
MinimumVisualStudioVersion = 10.0.40219.1
Project("{FAE04EC0-301F-11D3-BF4B-00C04F79EFBC}") = "appBase", "appBase\appBase.csproj", "{90686A83-B42B-47E2-B7BC-2602B14AFD07}"
EndProject
Global
	GlobalSection(SolutionConfigurationPlatforms) = preSolution
		Debug|Any CPU = Debug|Any CPU
		Release|Any CPU = Release|Any CPU
	EndGlobalSection
	GlobalSection(ProjectConfigurationPlatforms) = postSolution
		{90686A83-B42B-47E2-B7BC-2602B14AFD07}.Debug|Any CPU.ActiveCfg = Debug|Any CPU
		{90686A83-B42B-47E2-B7BC-2602B14AFD07}.Debug|Any CPU.Build.0 = Debug|Any CPU
		{90686A83-B42B-47E2-B7BC-2602B14AFD07}.Release|Any CPU.ActiveCfg = Release|Any CPU
		{90686A83-B42B-47E2-B7BC-2602B14AFD07}.Release|Any CPU.Build.0 = Release|Any CPU
	EndGlobalSection
	GlobalSection(SolutionProperties) = preSolution
		HideSolutionNode = FALSE
	EndGlobalSection
	GlobalSection(ExtensibilityGlobals) = postSolution
		SolutionGuid = {E32394C5-678D-4598-8463-3FDE32874DDC}
	EndGlobalSection
EndGlobal
